
Microsoft Visual Studio Solution File, Format Version 12.00
# Visual Studio 15
Project("{FAE04EC0-301F-11D3-BF4B-00C04F79EFBC}") = "Assembly-CSharp", "Assembly-CSharp.csproj", "{48E62B72-BC47-AC54-52DA-914CF9AA41E4}"
EndProject
Project("{FAE04EC0-301F-11D3-BF4B-00C04F79EFBC}") = "ToonyColorsPro2.Demo", "ToonyColorsPro2.Demo.csproj", "{51DAE72C-9BB6-3494-F54A-4762390105A9}"
EndProject
Project("{FAE04EC0-301F-11D3-BF4B-00C04F79EFBC}") = "ToonyColorsPro.Runtime", "ToonyColorsPro.Runtime.csproj", "{1AD47AB8-ABA5-C172-4FD6-DFAEE8BB7854}"
EndProject
Project("{FAE04EC0-301F-11D3-BF4B-00C04F79EFBC}") = "Assembly-CSharp-Editor", "Assembly-CSharp-Editor.csproj", "{039C9ED5-BB7B-ED7C-80B8-90E30D9CDF8E}"
EndProject
Project("{FAE04EC0-301F-11D3-BF4B-00C04F79EFBC}") = "ToonyColorsPro.Editor", "ToonyColorsPro.Editor.csproj", "{0DAA3DEA-8DB1-58C5-D056-B90C5CAE4890}"
EndProject
Global
	GlobalSection(SolutionConfigurationPlatforms) = preSolution
		Debug|Any CPU = Debug|Any CPU
		Release|Any CPU = Release|Any CPU
	EndGlobalSection
	GlobalSection(ProjectConfigurationPlatforms) = postSolution
		{48E62B72-BC47-AC54-52DA-914CF9AA41E4}.Debug|Any CPU.ActiveCfg = Debug|Any CPU
		{48E62B72-BC47-AC54-52DA-914CF9AA41E4}.Debug|Any CPU.Build.0 = Debug|Any CPU
		{48E62B72-BC47-AC54-52DA-914CF9AA41E4}.Release|Any CPU.ActiveCfg = Release|Any CPU
		{48E62B72-BC47-AC54-52DA-914CF9AA41E4}.Release|Any CPU.Build.0 = Release|Any CPU
		{51DAE72C-9BB6-3494-F54A-4762390105A9}.Debug|Any CPU.ActiveCfg = Debug|Any CPU
		{51DAE72C-9BB6-3494-F54A-4762390105A9}.Debug|Any CPU.Build.0 = Debug|Any CPU
		{51DAE72C-9BB6-3494-F54A-4762390105A9}.Release|Any CPU.ActiveCfg = Release|Any CPU
		{51DAE72C-9BB6-3494-F54A-4762390105A9}.Release|Any CPU.Build.0 = Release|Any CPU
		{1AD47AB8-ABA5-C172-4FD6-DFAEE8BB7854}.Debug|Any CPU.ActiveCfg = Debug|Any CPU
		{1AD47AB8-ABA5-C172-4FD6-DFAEE8BB7854}.Debug|Any CPU.Build.0 = Debug|Any CPU
		{1AD47AB8-ABA5-C172-4FD6-DFAEE8BB7854}.Release|Any CPU.ActiveCfg = Release|Any CPU
		{1AD47AB8-ABA5-C172-4FD6-DFAEE8BB7854}.Release|Any CPU.Build.0 = Release|Any CPU
		{039C9ED5-BB7B-ED7C-80B8-90E30D9CDF8E}.Debug|Any CPU.ActiveCfg = Debug|Any CPU
		{039C9ED5-BB7B-ED7C-80B8-90E30D9CDF8E}.Debug|Any CPU.Build.0 = Debug|Any CPU
		{039C9ED5-BB7B-ED7C-80B8-90E30D9CDF8E}.Release|Any CPU.ActiveCfg = Release|Any CPU
		{039C9ED5-BB7B-ED7C-80B8-90E30D9CDF8E}.Release|Any CPU.Build.0 = Release|Any CPU
		{0DAA3DEA-8DB1-58C5-D056-B90C5CAE4890}.Debug|Any CPU.ActiveCfg = Debug|Any CPU
		{0DAA3DEA-8DB1-58C5-D056-B90C5CAE4890}.Debug|Any CPU.Build.0 = Debug|Any CPU
		{0DAA3DEA-8DB1-58C5-D056-B90C5CAE4890}.Release|Any CPU.ActiveCfg = Release|Any CPU
		{0DAA3DEA-8DB1-58C5-D056-B90C5CAE4890}.Release|Any CPU.Build.0 = Release|Any CPU
	EndGlobalSection
	GlobalSection(SolutionProperties) = preSolution
		HideSolutionNode = FALSE
	EndGlobalSection
EndGlobal
